
Microsoft Visual Studio Solution File, Format Version 12.00
# Visual Studio Version 16
VisualStudioVersion = 16.0.32428.217
MinimumVisualStudioVersion = 10.0.40219.1
Project("{2150E333-8FDC-42A3-9474-1A3956D46DE8}") = "Services", "Services", "{6EEFFB0B-4E43-4591-A75B-B2A1E56721C9}"
EndProject
Project("{2150E333-8FDC-42A3-9474-1A3956D46DE8}") = "Catalog", "Catalog", "{2F80892A-018B-4DB2-A976-6F48435A6EF7}"
EndProject
Project("{9A19103F-16F7-4668-BE54-9A1E7A4F7556}") = "Catalog.API", "Services\Catalog\Catalog.API\Catalog.API.csproj", "{3813D22F-9544-4CD3-9762-628A71CE2994}"
EndProject
Project("{E53339B2-1760-4266-BCC7-CA923CBCF16C}") = "docker-compose", "docker-compose.dcproj", "{90612F23-36B4-4606-B385-2BFF625A302C}"
EndProject
Project("{2150E333-8FDC-42A3-9474-1A3956D46DE8}") = "Basket", "Basket", "{6C780CF4-B29A-4847-8DAD-D660E661CFCF}"
EndProject
Project("{9A19103F-16F7-4668-BE54-9A1E7A4F7556}") = "Basket.API", "Services\Basket\Basket.API\Basket.API.csproj", "{8F79A177-BDB6-4176-8370-E5C3C53588A0}"
EndProject
Project("{2150E333-8FDC-42A3-9474-1A3956D46DE8}") = "Discount", "Discount", "{5EE1E183-823B-4D37-91C8-7498F48C6F33}"
EndProject
Project("{9A19103F-16F7-4668-BE54-9A1E7A4F7556}") = "Discount.API", "Services\Discount\Discount.API\Discount.API.csproj", "{72681EE4-91B8-4F14-84BA-3DCF1A744B39}"
EndProject
Project("{9A19103F-16F7-4668-BE54-9A1E7A4F7556}") = "Discount.Grpc", "Services\Discount\Discount.Grpc\Discount.Grpc.csproj", "{2313BCD5-99A6-4FEB-8812-5BC299468F63}"
EndProject
Project("{2150E333-8FDC-42A3-9474-1A3956D46DE8}") = "Ordering", "Ordering", "{23473256-3B53-43F4-8094-C84230478472}"
EndProject
Project("{FAE04EC0-301F-11D3-BF4B-00C04F79EFBC}") = "Ordering.API", "Services\Ordering\Ordering.API\Ordering.API.csproj", "{5ACD342A-2517-4E7F-B626-460D7B32CF7F}"
EndProject
Global
	GlobalSection(SolutionConfigurationPlatforms) = preSolution
		Debug|Any CPU = Debug|Any CPU
		Release|Any CPU = Release|Any CPU
	EndGlobalSection
	GlobalSection(ProjectConfigurationPlatforms) = postSolution
		{3813D22F-9544-4CD3-9762-628A71CE2994}.Debug|Any CPU.ActiveCfg = Debug|Any CPU
		{3813D22F-9544-4CD3-9762-628A71CE2994}.Debug|Any CPU.Build.0 = Debug|Any CPU
		{3813D22F-9544-4CD3-9762-628A71CE2994}.Release|Any CPU.ActiveCfg = Release|Any CPU
		{3813D22F-9544-4CD3-9762-628A71CE2994}.Release|Any CPU.Build.0 = Release|Any CPU
		{90612F23-36B4-4606-B385-2BFF625A302C}.Debug|Any CPU.ActiveCfg = Debug|Any CPU
		{90612F23-36B4-4606-B385-2BFF625A302C}.Debug|Any CPU.Build.0 = Debug|Any CPU
		{90612F23-36B4-4606-B385-2BFF625A302C}.Release|Any CPU.ActiveCfg = Release|Any CPU
		{90612F23-36B4-4606-B385-2BFF625A302C}.Release|Any CPU.Build.0 = Release|Any CPU
		{8F79A177-BDB6-4176-8370-E5C3C53588A0}.Debug|Any CPU.ActiveCfg = Debug|Any CPU
		{8F79A177-BDB6-4176-8370-E5C3C53588A0}.Debug|Any CPU.Build.0 = Debug|Any CPU
		{8F79A177-BDB6-4176-8370-E5C3C53588A0}.Release|Any CPU.ActiveCfg = Release|Any CPU
		{8F79A177-BDB6-4176-8370-E5C3C53588A0}.Release|Any CPU.Build.0 = Release|Any CPU
		{72681EE4-91B8-4F14-84BA-3DCF1A744B39}.Debug|Any CPU.ActiveCfg = Debug|Any CPU
		{72681EE4-91B8-4F14-84BA-3DCF1A744B39}.Debug|Any CPU.Build.0 = Debug|Any CPU
		{72681EE4-91B8-4F14-84BA-3DCF1A744B39}.Release|Any CPU.ActiveCfg = Release|Any CPU
		{72681EE4-91B8-4F14-84BA-3DCF1A744B39}.Release|Any CPU.Build.0 = Release|Any CPU
		{2313BCD5-99A6-4FEB-8812-5BC299468F63}.Debug|Any CPU.ActiveCfg = Debug|Any CPU
		{2313BCD5-99A6-4FEB-8812-5BC299468F63}.Debug|Any CPU.Build.0 = Debug|Any CPU
		{2313BCD5-99A6-4FEB-8812-5BC299468F63}.Release|Any CPU.ActiveCfg = Release|Any CPU
		{2313BCD5-99A6-4FEB-8812-5BC299468F63}.Release|Any CPU.Build.0 = Release|Any CPU
		{5ACD342A-2517-4E7F-B626-460D7B32CF7F}.Debug|Any CPU.ActiveCfg = Debug|Any CPU
		{5ACD342A-2517-4E7F-B626-460D7B32CF7F}.Debug|Any CPU.Build.0 = Debug|Any CPU
		{5ACD342A-2517-4E7F-B626-460D7B32CF7F}.Release|Any CPU.ActiveCfg = Release|Any CPU
		{5ACD342A-2517-4E7F-B626-460D7B32CF7F}.Release|Any CPU.Build.0 = Release|Any CPU
	EndGlobalSection
	GlobalSection(SolutionProperties) = preSolution
		HideSolutionNode = FALSE
	EndGlobalSection
	GlobalSection(NestedProjects) = preSolution
		{2F80892A-018B-4DB2-A976-6F48435A6EF7} = {6EEFFB0B-4E43-4591-A75B-B2A1E56721C9}
		{3813D22F-9544-4CD3-9762-628A71CE2994} = {2F80892A-018B-4DB2-A976-6F48435A6EF7}
		{6C780CF4-B29A-4847-8DAD-D660E661CFCF} = {6EEFFB0B-4E43-4591-A75B-B2A1E56721C9}
		{8F79A177-BDB6-4176-8370-E5C3C53588A0} = {6C780CF4-B29A-4847-8DAD-D660E661CFCF}
		{5EE1E183-823B-4D37-91C8-7498F48C6F33} = {6EEFFB0B-4E43-4591-A75B-B2A1E56721C9}
		{72681EE4-91B8-4F14-84BA-3DCF1A744B39} = {5EE1E183-823B-4D37-91C8-7498F48C6F33}
		{2313BCD5-99A6-4FEB-8812-5BC299468F63} = {5EE1E183-823B-4D37-91C8-7498F48C6F33}
		{23473256-3B53-43F4-8094-C84230478472} = {6EEFFB0B-4E43-4591-A75B-B2A1E56721C9}
		{5ACD342A-2517-4E7F-B626-460D7B32CF7F} = {23473256-3B53-43F4-8094-C84230478472}
	EndGlobalSection
	GlobalSection(ExtensibilityGlobals) = postSolution
		SolutionGuid = {383CB8F5-02B8-4BA3-B943-2268F921F692}
	EndGlobalSection
EndGlobal
