
Microsoft Visual Studio Solution File, Format Version 12.00
# Visual Studio Version 17
VisualStudioVersion = 17.0.32112.339
MinimumVisualStudioVersion = 10.0.40219.1
Project("{2150E333-8FDC-42A3-9474-1A3956D46DE8}") = "Services", "Services", "{6EEFFB0B-4E43-4591-A75B-B2A1E56721C9}"
EndProject
Project("{2150E333-8FDC-42A3-9474-1A3956D46DE8}") = "Catalog", "Catalog", "{2F80892A-018B-4DB2-A976-6F48435A6EF7}"
EndProject
Project("{FAE04EC0-301F-11D3-BF4B-00C04F79EFBC}") = "Catalog.API", "Services\Catalog\Catalog.API\Catalog.API.csproj", "{3813D22F-9544-4CD3-9762-628A71CE2994}"
EndProject
Project("{E53339B2-1760-4266-BCC7-CA923CBCF16C}") = "docker-compose", "docker-compose.dcproj", "{90612F23-36B4-4606-B385-2BFF625A302C}"
EndProject
Global
	GlobalSection(SolutionConfigurationPlatforms) = preSolution
		Debug|Any CPU = Debug|Any CPU
		Release|Any CPU = Release|Any CPU
	EndGlobalSection
	GlobalSection(ProjectConfigurationPlatforms) = postSolution
		{3813D22F-9544-4CD3-9762-628A71CE2994}.Debug|Any CPU.ActiveCfg = Debug|Any CPU
		{3813D22F-9544-4CD3-9762-628A71CE2994}.Debug|Any CPU.Build.0 = Debug|Any CPU
		{3813D22F-9544-4CD3-9762-628A71CE2994}.Release|Any CPU.ActiveCfg = Release|Any CPU
		{3813D22F-9544-4CD3-9762-628A71CE2994}.Release|Any CPU.Build.0 = Release|Any CPU
		{90612F23-36B4-4606-B385-2BFF625A302C}.Debug|Any CPU.ActiveCfg = Debug|Any CPU
		{90612F23-36B4-4606-B385-2BFF625A302C}.Debug|Any CPU.Build.0 = Debug|Any CPU
		{90612F23-36B4-4606-B385-2BFF625A302C}.Release|Any CPU.ActiveCfg = Release|Any CPU
		{90612F23-36B4-4606-B385-2BFF625A302C}.Release|Any CPU.Build.0 = Release|Any CPU
	EndGlobalSection
	GlobalSection(SolutionProperties) = preSolution
		HideSolutionNode = FALSE
	EndGlobalSection
	GlobalSection(NestedProjects) = preSolution
		{2F80892A-018B-4DB2-A976-6F48435A6EF7} = {6EEFFB0B-4E43-4591-A75B-B2A1E56721C9}
		{3813D22F-9544-4CD3-9762-628A71CE2994} = {2F80892A-018B-4DB2-A976-6F48435A6EF7}
	EndGlobalSection
	GlobalSection(ExtensibilityGlobals) = postSolution
		SolutionGuid = {383CB8F5-02B8-4BA3-B943-2268F921F692}
	EndGlobalSection
EndGlobal
